
Microsoft Visual Studio Solution File, Format Version 12.00
# Visual Studio 15
VisualStudioVersion = 15.0.26124.0
MinimumVisualStudioVersion = 15.0.26124.0
Project("{2150E333-8FDC-42A3-9474-1A3956D46DE8}") = "src", "src", "{10402A25-B450-4D83-89A0-507BF04BE776}"
EndProject
Project("{FAE04EC0-301F-11D3-BF4B-00C04F79EFBC}") = "SimpleAPI", "src\SimpleAPI\SimpleAPI.csproj", "{D6C93287-8105-4C2C-A787-9758216E01C3}"
EndProject
Project("{2150E333-8FDC-42A3-9474-1A3956D46DE8}") = "test", "test", "{5B8EF872-E79A-455A-BF2E-E86C2EDC549F}"
EndProject
Project("{FAE04EC0-301F-11D3-BF4B-00C04F79EFBC}") = "SimpleAPI.Test", "test\SimpleAPI.Test\SimpleAPI.Test.csproj", "{8B72FE68-E953-4C68-908B-1D88F8C34935}"
EndProject
Global
	GlobalSection(SolutionConfigurationPlatforms) = preSolution
		Debug|Any CPU = Debug|Any CPU
		Debug|x64 = Debug|x64
		Debug|x86 = Debug|x86
		Release|Any CPU = Release|Any CPU
		Release|x64 = Release|x64
		Release|x86 = Release|x86
	EndGlobalSection
	GlobalSection(SolutionProperties) = preSolution
		HideSolutionNode = FALSE
	EndGlobalSection
	GlobalSection(ProjectConfigurationPlatforms) = postSolution
		{D6C93287-8105-4C2C-A787-9758216E01C3}.Debug|Any CPU.ActiveCfg = Debug|Any CPU
		{D6C93287-8105-4C2C-A787-9758216E01C3}.Debug|Any CPU.Build.0 = Debug|Any CPU
		{D6C93287-8105-4C2C-A787-9758216E01C3}.Debug|x64.ActiveCfg = Debug|Any CPU
		{D6C93287-8105-4C2C-A787-9758216E01C3}.Debug|x64.Build.0 = Debug|Any CPU
		{D6C93287-8105-4C2C-A787-9758216E01C3}.Debug|x86.ActiveCfg = Debug|Any CPU
		{D6C93287-8105-4C2C-A787-9758216E01C3}.Debug|x86.Build.0 = Debug|Any CPU
		{D6C93287-8105-4C2C-A787-9758216E01C3}.Release|Any CPU.ActiveCfg = Release|Any CPU
		{D6C93287-8105-4C2C-A787-9758216E01C3}.Release|Any CPU.Build.0 = Release|Any CPU
		{D6C93287-8105-4C2C-A787-9758216E01C3}.Release|x64.ActiveCfg = Release|Any CPU
		{D6C93287-8105-4C2C-A787-9758216E01C3}.Release|x64.Build.0 = Release|Any CPU
		{D6C93287-8105-4C2C-A787-9758216E01C3}.Release|x86.ActiveCfg = Release|Any CPU
		{D6C93287-8105-4C2C-A787-9758216E01C3}.Release|x86.Build.0 = Release|Any CPU
		{8B72FE68-E953-4C68-908B-1D88F8C34935}.Debug|Any CPU.ActiveCfg = Debug|Any CPU
		{8B72FE68-E953-4C68-908B-1D88F8C34935}.Debug|Any CPU.Build.0 = Debug|Any CPU
		{8B72FE68-E953-4C68-908B-1D88F8C34935}.Debug|x64.ActiveCfg = Debug|Any CPU
		{8B72FE68-E953-4C68-908B-1D88F8C34935}.Debug|x64.Build.0 = Debug|Any CPU
		{8B72FE68-E953-4C68-908B-1D88F8C34935}.Debug|x86.ActiveCfg = Debug|Any CPU
		{8B72FE68-E953-4C68-908B-1D88F8C34935}.Debug|x86.Build.0 = Debug|Any CPU
		{8B72FE68-E953-4C68-908B-1D88F8C34935}.Release|Any CPU.ActiveCfg = Release|Any CPU
		{8B72FE68-E953-4C68-908B-1D88F8C34935}.Release|Any CPU.Build.0 = Release|Any CPU
		{8B72FE68-E953-4C68-908B-1D88F8C34935}.Release|x64.ActiveCfg = Release|Any CPU
		{8B72FE68-E953-4C68-908B-1D88F8C34935}.Release|x64.Build.0 = Release|Any CPU
		{8B72FE68-E953-4C68-908B-1D88F8C34935}.Release|x86.ActiveCfg = Release|Any CPU
		{8B72FE68-E953-4C68-908B-1D88F8C34935}.Release|x86.Build.0 = Release|Any CPU
	EndGlobalSection
	GlobalSection(NestedProjects) = preSolution
		{D6C93287-8105-4C2C-A787-9758216E01C3} = {10402A25-B450-4D83-89A0-507BF04BE776}
		{8B72FE68-E953-4C68-908B-1D88F8C34935} = {5B8EF872-E79A-455A-BF2E-E86C2EDC549F}
	EndGlobalSection
EndGlobal
